
Microsoft Visual Studio Solution File, Format Version 12.00
# Visual Studio Version 17
VisualStudioVersion = 17.2.32526.322
MinimumVisualStudioVersion = 10.0.40219.1
Project("{FAE04EC0-301F-11D3-BF4B-00C04F79EFBC}") = "MvcExamenFinalConciertosJPL", "MvcExamenFinalConciertosJPL\MvcExamenFinalConciertosJPL.csproj", "{6A689243-A663-44AB-9F09-9538792AA6BB}"
EndProject
Global
	GlobalSection(SolutionConfigurationPlatforms) = preSolution
		Debug|Any CPU = Debug|Any CPU
		Release|Any CPU = Release|Any CPU
	EndGlobalSection
	GlobalSection(ProjectConfigurationPlatforms) = postSolution
		{6A689243-A663-44AB-9F09-9538792AA6BB}.Debug|Any CPU.ActiveCfg = Debug|Any CPU
		{6A689243-A663-44AB-9F09-9538792AA6BB}.Debug|Any CPU.Build.0 = Debug|Any CPU
		{6A689243-A663-44AB-9F09-9538792AA6BB}.Release|Any CPU.ActiveCfg = Release|Any CPU
		{6A689243-A663-44AB-9F09-9538792AA6BB}.Release|Any CPU.Build.0 = Release|Any CPU
	EndGlobalSection
	GlobalSection(SolutionProperties) = preSolution
		HideSolutionNode = FALSE
	EndGlobalSection
	GlobalSection(ExtensibilityGlobals) = postSolution
		SolutionGuid = {295FCDB9-D4E3-45C3-88A6-49980CFEC146}
	EndGlobalSection
EndGlobal
